// !$*UTF8*$!
{
	archiveVersion = 1;
	classes = {
	};
	objectVersion = 55;
	objects = {

/* Begin PBXBuildFile section */
		9A7BC8272ADB5B4500E85E51 /* SearchScreenViewController.swift in Sources */ = {isa = PBXBuildFile; fileRef = 9A7BC8262ADB5B4400E85E51 /* SearchScreenViewController.swift */; };
		9A7BC8292ADB62D300E85E51 /* DataSource.swift in Sources */ = {isa = PBXBuildFile; fileRef = 9A7BC8282ADB62D300E85E51 /* DataSource.swift */; };
		9A7BC82D2ADB683200E85E51 /* Geocode.swift in Sources */ = {isa = PBXBuildFile; fileRef = 9A7BC82C2ADB683200E85E51 /* Geocode.swift */; };
		9A7BC8322ADB839900E85E51 /* CityTableViewCell.swift in Sources */ = {isa = PBXBuildFile; fileRef = 9A7BC8312ADB839900E85E51 /* CityTableViewCell.swift */; };
		9A7BC8352AE003D500E85E51 /* UserLocation.swift in Sources */ = {isa = PBXBuildFile; fileRef = 9A7BC8342AE003D500E85E51 /* UserLocation.swift */; };
		9ACFEED62AD60D160008AFC0 /* AppDelegate.swift in Sources */ = {isa = PBXBuildFile; fileRef = 9ACFEED52AD60D160008AFC0 /* AppDelegate.swift */; };
		9ACFEED82AD60D160008AFC0 /* SceneDelegate.swift in Sources */ = {isa = PBXBuildFile; fileRef = 9ACFEED72AD60D160008AFC0 /* SceneDelegate.swift */; };
		9ACFEEDF2AD60D1A0008AFC0 /* Assets.xcassets in Resources */ = {isa = PBXBuildFile; fileRef = 9ACFEEDE2AD60D1A0008AFC0 /* Assets.xcassets */; };
		9ACFEEE22AD60D1A0008AFC0 /* LaunchScreen.storyboard in Resources */ = {isa = PBXBuildFile; fileRef = 9ACFEEE02AD60D1A0008AFC0 /* LaunchScreen.storyboard */; };
		9ACFEEED2AD736B30008AFC0 /* APIRoute.swift in Sources */ = {isa = PBXBuildFile; fileRef = 9ACFEEEC2AD736B20008AFC0 /* APIRoute.swift */; };
		9ACFEEEF2AD74FCB0008AFC0 /* NetworkingClient.swift in Sources */ = {isa = PBXBuildFile; fileRef = 9ACFEEEE2AD74FCB0008AFC0 /* NetworkingClient.swift */; };
		9ACFEEF12AD818CE0008AFC0 /* NetworkingClientError.swift in Sources */ = {isa = PBXBuildFile; fileRef = 9ACFEEF02AD818CE0008AFC0 /* NetworkingClientError.swift */; };
/* End PBXBuildFile section */

/* Begin PBXFileReference section */
		9A7BC8262ADB5B4400E85E51 /* SearchScreenViewController.swift */ = {isa = PBXFileReference; fileEncoding = 4; lastKnownFileType = sourcecode.swift; path = SearchScreenViewController.swift; sourceTree = "<group>"; };
		9A7BC8282ADB62D300E85E51 /* DataSource.swift */ = {isa = PBXFileReference; lastKnownFileType = sourcecode.swift; path = DataSource.swift; sourceTree = "<group>"; };
		9A7BC82C2ADB683200E85E51 /* Geocode.swift */ = {isa = PBXFileReference; lastKnownFileType = sourcecode.swift; path = Geocode.swift; sourceTree = "<group>"; };
		9A7BC8312ADB839900E85E51 /* CityTableViewCell.swift */ = {isa = PBXFileReference; lastKnownFileType = sourcecode.swift; path = CityTableViewCell.swift; sourceTree = "<group>"; };
		9A7BC8342AE003D500E85E51 /* UserLocation.swift */ = {isa = PBXFileReference; lastKnownFileType = sourcecode.swift; path = UserLocation.swift; sourceTree = "<group>"; };
		9ACFEED22AD60D160008AFC0 /* JPMorganChaseWeatherApp.app */ = {isa = PBXFileReference; explicitFileType = wrapper.application; includeInIndex = 0; path = JPMorganChaseWeatherApp.app; sourceTree = BUILT_PRODUCTS_DIR; };
		9ACFEED52AD60D160008AFC0 /* AppDelegate.swift */ = {isa = PBXFileReference; lastKnownFileType = sourcecode.swift; path = AppDelegate.swift; sourceTree = "<group>"; };
		9ACFEED72AD60D160008AFC0 /* SceneDelegate.swift */ = {isa = PBXFileReference; lastKnownFileType = sourcecode.swift; path = SceneDelegate.swift; sourceTree = "<group>"; };
		9ACFEEDE2AD60D1A0008AFC0 /* Assets.xcassets */ = {isa = PBXFileReference; lastKnownFileType = folder.assetcatalog; path = Assets.xcassets; sourceTree = "<group>"; };
		9ACFEEE12AD60D1A0008AFC0 /* Base */ = {isa = PBXFileReference; lastKnownFileType = file.storyboard; name = Base; path = Base.lproj/LaunchScreen.storyboard; sourceTree = "<group>"; };
		9ACFEEE32AD60D1A0008AFC0 /* Info.plist */ = {isa = PBXFileReference; lastKnownFileType = text.plist.xml; path = Info.plist; sourceTree = "<group>"; };
		9ACFEEEC2AD736B20008AFC0 /* APIRoute.swift */ = {isa = PBXFileReference; lastKnownFileType = sourcecode.swift; path = APIRoute.swift; sourceTree = "<group>"; };
		9ACFEEEE2AD74FCB0008AFC0 /* NetworkingClient.swift */ = {isa = PBXFileReference; lastKnownFileType = sourcecode.swift; path = NetworkingClient.swift; sourceTree = "<group>"; };
		9ACFEEF02AD818CE0008AFC0 /* NetworkingClientError.swift */ = {isa = PBXFileReference; lastKnownFileType = sourcecode.swift; path = NetworkingClientError.swift; sourceTree = "<group>"; };
/* End PBXFileReference section */

/* Begin PBXFrameworksBuildPhase section */
		9ACFEECF2AD60D160008AFC0 /* Frameworks */ = {
			isa = PBXFrameworksBuildPhase;
			buildActionMask = 2147483647;
			files = (
			);
			runOnlyForDeploymentPostprocessing = 0;
		};
/* End PBXFrameworksBuildPhase section */

/* Begin PBXGroup section */
		9A7BC8252ADB5B4400E85E51 /* SearchScreen */ = {
			isa = PBXGroup;
			children = (
				9A7BC8262ADB5B4400E85E51 /* SearchScreenViewController.swift */,
				9A7BC82A2ADB62E500E85E51 /* DataSource */,
				9A7BC8302ADB830B00E85E51 /* TableView */,
			);
			path = SearchScreen;
			sourceTree = "<group>";
		};
		9A7BC82A2ADB62E500E85E51 /* DataSource */ = {
			isa = PBXGroup;
			children = (
				9A7BC8282ADB62D300E85E51 /* DataSource.swift */,
			);
			path = DataSource;
			sourceTree = "<group>";
		};
		9A7BC82B2ADB67D500E85E51 /* Models */ = {
			isa = PBXGroup;
			children = (
				9A7BC82C2ADB683200E85E51 /* Geocode.swift */,
			);
			path = Models;
			sourceTree = "<group>";
		};
		9A7BC8302ADB830B00E85E51 /* TableView */ = {
			isa = PBXGroup;
			children = (
				9A7BC8312ADB839900E85E51 /* CityTableViewCell.swift */,
			);
			path = TableView;
			sourceTree = "<group>";
		};
		9A7BC8332AE003BF00E85E51 /* UserLocation */ = {
			isa = PBXGroup;
			children = (
				9A7BC8342AE003D500E85E51 /* UserLocation.swift */,
			);
			path = UserLocation;
			sourceTree = "<group>";
		};
		9ACFEEC92AD60D160008AFC0 = {
			isa = PBXGroup;
			children = (
				9ACFEED42AD60D160008AFC0 /* JPMorganChaseWeatherApp */,
				9ACFEED32AD60D160008AFC0 /* Products */,
			);
			sourceTree = "<group>";
		};
		9ACFEED32AD60D160008AFC0 /* Products */ = {
			isa = PBXGroup;
			children = (
				9ACFEED22AD60D160008AFC0 /* JPMorganChaseWeatherApp.app */,
			);
			name = Products;
			sourceTree = "<group>";
		};
		9ACFEED42AD60D160008AFC0 /* JPMorganChaseWeatherApp */ = {
			isa = PBXGroup;
			children = (
				9A7BC8332AE003BF00E85E51 /* UserLocation */,
				9A7BC82B2ADB67D500E85E51 /* Models */,
				9ACFEEEB2AD6EC580008AFC0 /* Networking */,
				9A7BC8252ADB5B4400E85E51 /* SearchScreen */,
				9ACFEEE92AD6E8830008AFC0 /* Resources */,
				9ACFEEEA2AD6E89E0008AFC0 /* Startup */,
			);
			path = JPMorganChaseWeatherApp;
			sourceTree = "<group>";
		};
		9ACFEEE92AD6E8830008AFC0 /* Resources */ = {
			isa = PBXGroup;
			children = (
				9ACFEEDE2AD60D1A0008AFC0 /* Assets.xcassets */,
				9ACFEEE02AD60D1A0008AFC0 /* LaunchScreen.storyboard */,
				9ACFEEE32AD60D1A0008AFC0 /* Info.plist */,
			);
			path = Resources;
			sourceTree = "<group>";
		};
		9ACFEEEA2AD6E89E0008AFC0 /* Startup */ = {
			isa = PBXGroup;
			children = (
				9ACFEED52AD60D160008AFC0 /* AppDelegate.swift */,
				9ACFEED72AD60D160008AFC0 /* SceneDelegate.swift */,
			);
			path = Startup;
			sourceTree = "<group>";
		};
		9ACFEEEB2AD6EC580008AFC0 /* Networking */ = {
			isa = PBXGroup;
			children = (
				9ACFEEEC2AD736B20008AFC0 /* APIRoute.swift */,
				9ACFEEEE2AD74FCB0008AFC0 /* NetworkingClient.swift */,
				9ACFEEF02AD818CE0008AFC0 /* NetworkingClientError.swift */,
			);
			path = Networking;
			sourceTree = "<group>";
		};
/* End PBXGroup section */

/* Begin PBXNativeTarget section */
		9ACFEED12AD60D160008AFC0 /* JPMorganChaseWeatherApp */ = {
			isa = PBXNativeTarget;
			buildConfigurationList = 9ACFEEE62AD60D1A0008AFC0 /* Build configuration list for PBXNativeTarget "JPMorganChaseWeatherApp" */;
			buildPhases = (
				9ACFEECE2AD60D160008AFC0 /* Sources */,
				9ACFEECF2AD60D160008AFC0 /* Frameworks */,
				9ACFEED02AD60D160008AFC0 /* Resources */,
			);
			buildRules = (
			);
			dependencies = (
			);
			name = JPMorganChaseWeatherApp;
			productName = JPMorganChaseWeatherApp;
			productReference = 9ACFEED22AD60D160008AFC0 /* JPMorganChaseWeatherApp.app */;
			productType = "com.apple.product-type.application";
		};
/* End PBXNativeTarget section */

/* Begin PBXProject section */
		9ACFEECA2AD60D160008AFC0 /* Project object */ = {
			isa = PBXProject;
			attributes = {
				BuildIndependentTargetsInParallel = 1;
				LastSwiftUpdateCheck = 1340;
				LastUpgradeCheck = 1340;
				TargetAttributes = {
					9ACFEED12AD60D160008AFC0 = {
						CreatedOnToolsVersion = 13.4.1;
					};
				};
			};
			buildConfigurationList = 9ACFEECD2AD60D160008AFC0 /* Build configuration list for PBXProject "JPMorganChaseWeatherApp" */;
			compatibilityVersion = "Xcode 13.0";
			developmentRegion = en;
			hasScannedForEncodings = 0;
			knownRegions = (
				en,
				Base,
			);
			mainGroup = 9ACFEEC92AD60D160008AFC0;
			productRefGroup = 9ACFEED32AD60D160008AFC0 /* Products */;
			projectDirPath = "";
			projectRoot = "";
			targets = (
				9ACFEED12AD60D160008AFC0 /* JPMorganChaseWeatherApp */,
			);
		};
/* End PBXProject section */

/* Begin PBXResourcesBuildPhase section */
		9ACFEED02AD60D160008AFC0 /* Resources */ = {
			isa = PBXResourcesBuildPhase;
			buildActionMask = 2147483647;
			files = (
				9ACFEEE22AD60D1A0008AFC0 /* LaunchScreen.storyboard in Resources */,
				9ACFEEDF2AD60D1A0008AFC0 /* Assets.xcassets in Resources */,
			);
			runOnlyForDeploymentPostprocessing = 0;
		};
/* End PBXResourcesBuildPhase section */

/* Begin PBXSourcesBuildPhase section */
		9ACFEECE2AD60D160008AFC0 /* Sources */ = {
			isa = PBXSourcesBuildPhase;
			buildActionMask = 2147483647;
			files = (
				9A7BC8322ADB839900E85E51 /* CityTableViewCell.swift in Sources */,
				9ACFEEEF2AD74FCB0008AFC0 /* NetworkingClient.swift in Sources */,
				9ACFEED62AD60D160008AFC0 /* AppDelegate.swift in Sources */,
				9A7BC8272ADB5B4500E85E51 /* SearchScreenViewController.swift in Sources */,
				9A7BC8292ADB62D300E85E51 /* DataSource.swift in Sources */,
				9ACFEEED2AD736B30008AFC0 /* APIRoute.swift in Sources */,
				9ACFEED82AD60D160008AFC0 /* SceneDelegate.swift in Sources */,
				9A7BC82D2ADB683200E85E51 /* Geocode.swift in Sources */,
				9ACFEEF12AD818CE0008AFC0 /* NetworkingClientError.swift in Sources */,
				9A7BC8352AE003D500E85E51 /* UserLocation.swift in Sources */,
			);
			runOnlyForDeploymentPostprocessing = 0;
		};
/* End PBXSourcesBuildPhase section */

/* Begin PBXVariantGroup section */
		9ACFEEE02AD60D1A0008AFC0 /* LaunchScreen.storyboard */ = {
			isa = PBXVariantGroup;
			children = (
				9ACFEEE12AD60D1A0008AFC0 /* Base */,
			);
			name = LaunchScreen.storyboard;
			sourceTree = "<group>";
		};
/* End PBXVariantGroup section */

/* Begin XCBuildConfiguration section */
		9ACFEEE42AD60D1A0008AFC0 /* Debug */ = {
			isa = XCBuildConfiguration;
			buildSettings = {
				ALWAYS_SEARCH_USER_PATHS = NO;
				CLANG_ANALYZER_NONNULL = YES;
				CLANG_ANALYZER_NUMBER_OBJECT_CONVERSION = YES_AGGRESSIVE;
				CLANG_CXX_LANGUAGE_STANDARD = "gnu++17";
				CLANG_ENABLE_MODULES = YES;
				CLANG_ENABLE_OBJC_ARC = YES;
				CLANG_ENABLE_OBJC_WEAK = YES;
				CLANG_WARN_BLOCK_CAPTURE_AUTORELEASING = YES;
				CLANG_WARN_BOOL_CONVERSION = YES;
				CLANG_WARN_COMMA = YES;
				CLANG_WARN_CONSTANT_CONVERSION = YES;
				CLANG_WARN_DEPRECATED_OBJC_IMPLEMENTATIONS = YES;
				CLANG_WARN_DIRECT_OBJC_ISA_USAGE = YES_ERROR;
				CLANG_WARN_DOCUMENTATION_COMMENTS = YES;
				CLANG_WARN_EMPTY_BODY = YES;
				CLANG_WARN_ENUM_CONVERSION = YES;
				CLANG_WARN_INFINITE_RECURSION = YES;
				CLANG_WARN_INT_CONVERSION = YES;
				CLANG_WARN_NON_LITERAL_NULL_CONVERSION = YES;
				CLANG_WARN_OBJC_IMPLICIT_RETAIN_SELF = YES;
				CLANG_WARN_OBJC_LITERAL_CONVERSION = YES;
				CLANG_WARN_OBJC_ROOT_CLASS = YES_ERROR;
				CLANG_WARN_QUOTED_INCLUDE_IN_FRAMEWORK_HEADER = YES;
				CLANG_WARN_RANGE_LOOP_ANALYSIS = YES;
				CLANG_WARN_STRICT_PROTOTYPES = YES;
				CLANG_WARN_SUSPICIOUS_MOVE = YES;
				CLANG_WARN_UNGUARDED_AVAILABILITY = YES_AGGRESSIVE;
				CLANG_WARN_UNREACHABLE_CODE = YES;
				CLANG_WARN__DUPLICATE_METHOD_MATCH = YES;
				COPY_PHASE_STRIP = NO;
				DEBUG_INFORMATION_FORMAT = dwarf;
				ENABLE_STRICT_OBJC_MSGSEND = YES;
				ENABLE_TESTABILITY = YES;
				GCC_C_LANGUAGE_STANDARD = gnu11;
				GCC_DYNAMIC_NO_PIC = NO;
				GCC_NO_COMMON_BLOCKS = YES;
				GCC_OPTIMIZATION_LEVEL = 0;
				GCC_PREPROCESSOR_DEFINITIONS = (
					"DEBUG=1",
					"$(inherited)",
				);
				GCC_WARN_64_TO_32_BIT_CONVERSION = YES;
				GCC_WARN_ABOUT_RETURN_TYPE = YES_ERROR;
				GCC_WARN_UNDECLARED_SELECTOR = YES;
				GCC_WARN_UNINITIALIZED_AUTOS = YES_AGGRESSIVE;
				GCC_WARN_UNUSED_FUNCTION = YES;
				GCC_WARN_UNUSED_VARIABLE = YES;
				IPHONEOS_DEPLOYMENT_TARGET = 15.5;
				MTL_ENABLE_DEBUG_INFO = INCLUDE_SOURCE;
				MTL_FAST_MATH = YES;
				ONLY_ACTIVE_ARCH = YES;
				SDKROOT = iphoneos;
				SWIFT_ACTIVE_COMPILATION_CONDITIONS = DEBUG;
				SWIFT_OPTIMIZATION_LEVEL = "-Onone";
			};
			name = Debug;
		};
		9ACFEEE52AD60D1A0008AFC0 /* Release */ = {
			isa = XCBuildConfiguration;
			buildSettings = {
				ALWAYS_SEARCH_USER_PATHS = NO;
				CLANG_ANALYZER_NONNULL = YES;
				CLANG_ANALYZER_NUMBER_OBJECT_CONVERSION = YES_AGGRESSIVE;
				CLANG_CXX_LANGUAGE_STANDARD = "gnu++17";
				CLANG_ENABLE_MODULES = YES;
				CLANG_ENABLE_OBJC_ARC = YES;
				CLANG_ENABLE_OBJC_WEAK = YES;
				CLANG_WARN_BLOCK_CAPTURE_AUTORELEASING = YES;
				CLANG_WARN_BOOL_CONVERSION = YES;
				CLANG_WARN_COMMA = YES;
				CLANG_WARN_CONSTANT_CONVERSION = YES;
				CLANG_WARN_DEPRECATED_OBJC_IMPLEMENTATIONS = YES;
				CLANG_WARN_DIRECT_OBJC_ISA_USAGE = YES_ERROR;
				CLANG_WARN_DOCUMENTATION_COMMENTS = YES;
				CLANG_WARN_EMPTY_BODY = YES;
				CLANG_WARN_ENUM_CONVERSION = YES;
				CLANG_WARN_INFINITE_RECURSION = YES;
				CLANG_WARN_INT_CONVERSION = YES;
				CLANG_WARN_NON_LITERAL_NULL_CONVERSION = YES;
				CLANG_WARN_OBJC_IMPLICIT_RETAIN_SELF = YES;
				CLANG_WARN_OBJC_LITERAL_CONVERSION = YES;
				CLANG_WARN_OBJC_ROOT_CLASS = YES_ERROR;
				CLANG_WARN_QUOTED_INCLUDE_IN_FRAMEWORK_HEADER = YES;
				CLANG_WARN_RANGE_LOOP_ANALYSIS = YES;
				CLANG_WARN_STRICT_PROTOTYPES = YES;
				CLANG_WARN_SUSPICIOUS_MOVE = YES;
				CLANG_WARN_UNGUARDED_AVAILABILITY = YES_AGGRESSIVE;
				CLANG_WARN_UNREACHABLE_CODE = YES;
				CLANG_WARN__DUPLICATE_METHOD_MATCH = YES;
				COPY_PHASE_STRIP = NO;
				DEBUG_INFORMATION_FORMAT = "dwarf-with-dsym";
				ENABLE_NS_ASSERTIONS = NO;
				ENABLE_STRICT_OBJC_MSGSEND = YES;
				GCC_C_LANGUAGE_STANDARD = gnu11;
				GCC_NO_COMMON_BLOCKS = YES;
				GCC_WARN_64_TO_32_BIT_CONVERSION = YES;
				GCC_WARN_ABOUT_RETURN_TYPE = YES_ERROR;
				GCC_WARN_UNDECLARED_SELECTOR = YES;
				GCC_WARN_UNINITIALIZED_AUTOS = YES_AGGRESSIVE;
				GCC_WARN_UNUSED_FUNCTION = YES;
				GCC_WARN_UNUSED_VARIABLE = YES;
				IPHONEOS_DEPLOYMENT_TARGET = 15.5;
				MTL_ENABLE_DEBUG_INFO = NO;
				MTL_FAST_MATH = YES;
				SDKROOT = iphoneos;
				SWIFT_COMPILATION_MODE = wholemodule;
				SWIFT_OPTIMIZATION_LEVEL = "-O";
				VALIDATE_PRODUCT = YES;
			};
			name = Release;
		};
		9ACFEEE72AD60D1A0008AFC0 /* Debug */ = {
			isa = XCBuildConfiguration;
			buildSettings = {
				ASSETCATALOG_COMPILER_APPICON_NAME = AppIcon;
				ASSETCATALOG_COMPILER_GLOBAL_ACCENT_COLOR_NAME = AccentColor;
				CODE_SIGN_STYLE = Automatic;
				CURRENT_PROJECT_VERSION = 1;
				DEVELOPMENT_TEAM = BAQHSM59S2;
				GENERATE_INFOPLIST_FILE = YES;
				INFOPLIST_FILE = JPMorganChaseWeatherApp/Info.plist;
				INFOPLIST_KEY_NSLocationAlwaysAndWhenInUseUsageDescription = "To use your location please enable location ffor this app";
				INFOPLIST_KEY_NSLocationWhenInUseUsageDescription = "To use your location please enable location ffor this app";
				INFOPLIST_KEY_UIApplicationSupportsIndirectInputEvents = YES;
				INFOPLIST_KEY_UILaunchStoryboardName = LaunchScreen;
				INFOPLIST_KEY_UISupportedInterfaceOrientations_iPad = "UIInterfaceOrientationPortrait UIInterfaceOrientationPortraitUpsideDown UIInterfaceOrientationLandscapeLeft UIInterfaceOrientationLandscapeRight";
				INFOPLIST_KEY_UISupportedInterfaceOrientations_iPhone = "UIInterfaceOrientationPortrait UIInterfaceOrientationLandscapeLeft UIInterfaceOrientationLandscapeRight";
				LD_RUNPATH_SEARCH_PATHS = (
					"$(inherited)",
					"@executable_path/Frameworks",
				);
				MARKETING_VERSION = 1.0;
				PRODUCT_BUNDLE_IDENTIFIER = "JPMC-Coding-Exercise.JPMorganChaseWeatherApp";
				PRODUCT_NAME = "$(TARGET_NAME)";
				SWIFT_EMIT_LOC_STRINGS = YES;
				SWIFT_VERSION = 5.0;
				TARGETED_DEVICE_FAMILY = "1,2";
			};
			name = Debug;
		};
		9ACFEEE82AD60D1A0008AFC0 /* Release */ = {
			isa = XCBuildConfiguration;
			buildSettings = {
				ASSETCATALOG_COMPILER_APPICON_NAME = AppIcon;
				ASSETCATALOG_COMPILER_GLOBAL_ACCENT_COLOR_NAME = AccentColor;
				CODE_SIGN_STYLE = Automatic;
				CURRENT_PROJECT_VERSION = 1;
				DEVELOPMENT_TEAM = BAQHSM59S2;
				GENERATE_INFOPLIST_FILE = YES;
				INFOPLIST_FILE = JPMorganChaseWeatherApp/Info.plist;
				INFOPLIST_KEY_NSLocationAlwaysAndWhenInUseUsageDescription = "To use your location please enable location ffor this app";
				INFOPLIST_KEY_NSLocationWhenInUseUsageDescription = "To use your location please enable location ffor this app";
				INFOPLIST_KEY_UIApplicationSupportsIndirectInputEvents = YES;
				INFOPLIST_KEY_UILaunchStoryboardName = LaunchScreen;
				INFOPLIST_KEY_UISupportedInterfaceOrientations_iPad = "UIInterfaceOrientationPortrait UIInterfaceOrientationPortraitUpsideDown UIInterfaceOrientationLandscapeLeft UIInterfaceOrientationLandscapeRight";
				INFOPLIST_KEY_UISupportedInterfaceOrientations_iPhone = "UIInterfaceOrientationPortrait UIInterfaceOrientationLandscapeLeft UIInterfaceOrientationLandscapeRight";
				LD_RUNPATH_SEARCH_PATHS = (
					"$(inherited)",
					"@executable_path/Frameworks",
				);
				MARKETING_VERSION = 1.0;
				PRODUCT_BUNDLE_IDENTIFIER = "JPMC-Coding-Exercise.JPMorganChaseWeatherApp";
				PRODUCT_NAME = "$(TARGET_NAME)";
				SWIFT_EMIT_LOC_STRINGS = YES;
				SWIFT_VERSION = 5.0;
				TARGETED_DEVICE_FAMILY = "1,2";
			};
			name = Release;
		};
/* End XCBuildConfiguration section */

/* Begin XCConfigurationList section */
		9ACFEECD2AD60D160008AFC0 /* Build configuration list for PBXProject "JPMorganChaseWeatherApp" */ = {
			isa = XCConfigurationList;
			buildConfigurations = (
				9ACFEEE42AD60D1A0008AFC0 /* Debug */,
				9ACFEEE52AD60D1A0008AFC0 /* Release */,
			);
			defaultConfigurationIsVisible = 0;
			defaultConfigurationName = Release;
		};
		9ACFEEE62AD60D1A0008AFC0 /* Build configuration list for PBXNativeTarget "JPMorganChaseWeatherApp" */ = {
			isa = XCConfigurationList;
			buildConfigurations = (
				9ACFEEE72AD60D1A0008AFC0 /* Debug */,
				9ACFEEE82AD60D1A0008AFC0 /* Release */,
			);
			defaultConfigurationIsVisible = 0;
			defaultConfigurationName = Release;
		};
/* End XCConfigurationList section */
	};
	rootObject = 9ACFEECA2AD60D160008AFC0 /* Project object */;
}
